
Microsoft Visual Studio Solution File, Format Version 10.00
# Visual Studio 2008
Project("{FAE04EC0-301F-11D3-BF4B-00C04F79EFBC}") = "IntecoAG.ERM", "IntecoAG.ERM\IntecoAG.ERM.csproj", "{0B88798B-F4D2-4122-81CB-78C88062FCB8}"
EndProject
Project("{FAE04EC0-301F-11D3-BF4B-00C04F79EFBC}") = "IntecoAG.ERM.Module", "IntecoAG.ERM.Module\IntecoAG.ERM.Module.csproj", "{368E9133-CB2F-4929-92A4-7F047659B03E}"
EndProject
Project("{FAE04EC0-301F-11D3-BF4B-00C04F79EFBC}") = "IntecoAG.ERM.Module.Win", "IntecoAG.ERM.Module.Win\IntecoAG.ERM.Module.Win.csproj", "{B3EED3F8-DC5D-42A5-BF94-3A383D34A191}"
EndProject
Project("{FAE04EC0-301F-11D3-BF4B-00C04F79EFBC}") = "IntecoAG.ERM.Win", "IntecoAG.ERM.Win\IntecoAG.ERM.Win.csproj", "{274642DE-3B65-4136-9BC9-A090B1EF4450}"
EndProject
Project("{FAE04EC0-301F-11D3-BF4B-00C04F79EFBC}") = "IntecoAG.ERM.NUnitTests", "IntecoAG.ERM.NUnitTests\IntecoAG.ERM.NUnitTests.csproj", "{32E1DF47-E851-4991-8FEE-9349E0E22363}"
EndProject
Global
	GlobalSection(SolutionConfigurationPlatforms) = preSolution
		Debug|Any CPU = Debug|Any CPU
		EasyTest|Any CPU = EasyTest|Any CPU
		Release|Any CPU = Release|Any CPU
	EndGlobalSection
	GlobalSection(ProjectConfigurationPlatforms) = postSolution
		{0B88798B-F4D2-4122-81CB-78C88062FCB8}.Debug|Any CPU.ActiveCfg = Debug|Any CPU
		{0B88798B-F4D2-4122-81CB-78C88062FCB8}.Debug|Any CPU.Build.0 = Debug|Any CPU
		{0B88798B-F4D2-4122-81CB-78C88062FCB8}.EasyTest|Any CPU.ActiveCfg = Release|Any CPU
		{0B88798B-F4D2-4122-81CB-78C88062FCB8}.EasyTest|Any CPU.Build.0 = Release|Any CPU
		{0B88798B-F4D2-4122-81CB-78C88062FCB8}.Release|Any CPU.ActiveCfg = Release|Any CPU
		{0B88798B-F4D2-4122-81CB-78C88062FCB8}.Release|Any CPU.Build.0 = Release|Any CPU
		{368E9133-CB2F-4929-92A4-7F047659B03E}.Debug|Any CPU.ActiveCfg = Debug|Any CPU
		{368E9133-CB2F-4929-92A4-7F047659B03E}.Debug|Any CPU.Build.0 = Debug|Any CPU
		{368E9133-CB2F-4929-92A4-7F047659B03E}.EasyTest|Any CPU.ActiveCfg = EasyTest|Any CPU
		{368E9133-CB2F-4929-92A4-7F047659B03E}.EasyTest|Any CPU.Build.0 = EasyTest|Any CPU
		{368E9133-CB2F-4929-92A4-7F047659B03E}.Release|Any CPU.ActiveCfg = Release|Any CPU
		{368E9133-CB2F-4929-92A4-7F047659B03E}.Release|Any CPU.Build.0 = Release|Any CPU
		{B3EED3F8-DC5D-42A5-BF94-3A383D34A191}.Debug|Any CPU.ActiveCfg = Debug|Any CPU
		{B3EED3F8-DC5D-42A5-BF94-3A383D34A191}.Debug|Any CPU.Build.0 = Debug|Any CPU
		{B3EED3F8-DC5D-42A5-BF94-3A383D34A191}.EasyTest|Any CPU.ActiveCfg = EasyTest|Any CPU
		{B3EED3F8-DC5D-42A5-BF94-3A383D34A191}.EasyTest|Any CPU.Build.0 = EasyTest|Any CPU
		{B3EED3F8-DC5D-42A5-BF94-3A383D34A191}.Release|Any CPU.ActiveCfg = Release|Any CPU
		{B3EED3F8-DC5D-42A5-BF94-3A383D34A191}.Release|Any CPU.Build.0 = Release|Any CPU
		{274642DE-3B65-4136-9BC9-A090B1EF4450}.Debug|Any CPU.ActiveCfg = Debug|Any CPU
		{274642DE-3B65-4136-9BC9-A090B1EF4450}.Debug|Any CPU.Build.0 = Debug|Any CPU
		{274642DE-3B65-4136-9BC9-A090B1EF4450}.EasyTest|Any CPU.ActiveCfg = EasyTest|Any CPU
		{274642DE-3B65-4136-9BC9-A090B1EF4450}.EasyTest|Any CPU.Build.0 = EasyTest|Any CPU
		{274642DE-3B65-4136-9BC9-A090B1EF4450}.Release|Any CPU.ActiveCfg = Release|Any CPU
		{274642DE-3B65-4136-9BC9-A090B1EF4450}.Release|Any CPU.Build.0 = Release|Any CPU
		{32E1DF47-E851-4991-8FEE-9349E0E22363}.Debug|Any CPU.ActiveCfg = Debug|Any CPU
		{32E1DF47-E851-4991-8FEE-9349E0E22363}.Debug|Any CPU.Build.0 = Debug|Any CPU
		{32E1DF47-E851-4991-8FEE-9349E0E22363}.EasyTest|Any CPU.ActiveCfg = Release|Any CPU
		{32E1DF47-E851-4991-8FEE-9349E0E22363}.EasyTest|Any CPU.Build.0 = Release|Any CPU
		{32E1DF47-E851-4991-8FEE-9349E0E22363}.Release|Any CPU.ActiveCfg = Release|Any CPU
		{32E1DF47-E851-4991-8FEE-9349E0E22363}.Release|Any CPU.Build.0 = Release|Any CPU
	EndGlobalSection
	GlobalSection(SolutionProperties) = preSolution
		HideSolutionNode = FALSE
	EndGlobalSection
EndGlobal
