
Microsoft Visual Studio Solution File, Format Version 11.00
# Visual Studio 2010
Project("{FAE04EC0-301F-11D3-BF4B-00C04F79EFBC}") = "ImportData", "ImportData.csproj", "{ECC5809D-5D71-47F3-BB12-39E71102652E}"
EndProject
Project("{FAE04EC0-301F-11D3-BF4B-00C04F79EFBC}") = "IntecoAG.ERM.Base.Impl", "..\IntecoAG.ERM.Base.Impl\IntecoAG.ERM.Base.Impl.csproj", "{0B88798B-F4D2-4122-81CB-78C88062FCB8}"
EndProject
Project("{FAE04EC0-301F-11D3-BF4B-00C04F79EFBC}") = "IntecoAG.ERM.Base", "..\IntecoAG.ERM.Base\IntecoAG.ERM.Base.csproj", "{368E9133-CB2F-4929-92A4-7F047659B03E}"
EndProject
Project("{FAE04EC0-301F-11D3-BF4B-00C04F79EFBC}") = "IntecoAG.ERM.FM", "..\IntecoAG.ERM.FM\IntecoAG.ERM.FM.csproj", "{462EF986-C1A4-45A0-8374-4ACC462A6874}"
EndProject
Project("{FAE04EC0-301F-11D3-BF4B-00C04F79EFBC}") = "IntecoAG.XAFExt.CDS", "..\..\..\XAFExt\IntecoAG.XAFExt\IntecoAG.XAFExt.CDS\IntecoAG.XAFExt.CDS\IntecoAG.XAFExt.CDS.csproj", "{20194556-A061-4715-8C68-1B157F06F9C0}"
EndProject
Global
	GlobalSection(SolutionConfigurationPlatforms) = preSolution
		Debug|Any CPU = Debug|Any CPU
		Debug|Mixed Platforms = Debug|Mixed Platforms
		Debug|x86 = Debug|x86
		EasyTest|Any CPU = EasyTest|Any CPU
		EasyTest|Mixed Platforms = EasyTest|Mixed Platforms
		EasyTest|x86 = EasyTest|x86
		Release|Any CPU = Release|Any CPU
		Release|Mixed Platforms = Release|Mixed Platforms
		Release|x86 = Release|x86
	EndGlobalSection
	GlobalSection(ProjectConfigurationPlatforms) = postSolution
		{ECC5809D-5D71-47F3-BB12-39E71102652E}.Debug|Any CPU.ActiveCfg = Debug|x86
		{ECC5809D-5D71-47F3-BB12-39E71102652E}.Debug|Mixed Platforms.ActiveCfg = Debug|x86
		{ECC5809D-5D71-47F3-BB12-39E71102652E}.Debug|Mixed Platforms.Build.0 = Debug|x86
		{ECC5809D-5D71-47F3-BB12-39E71102652E}.Debug|x86.ActiveCfg = Debug|x86
		{ECC5809D-5D71-47F3-BB12-39E71102652E}.Debug|x86.Build.0 = Debug|x86
		{ECC5809D-5D71-47F3-BB12-39E71102652E}.EasyTest|Any CPU.ActiveCfg = Release|x86
		{ECC5809D-5D71-47F3-BB12-39E71102652E}.EasyTest|Mixed Platforms.ActiveCfg = Release|x86
		{ECC5809D-5D71-47F3-BB12-39E71102652E}.EasyTest|Mixed Platforms.Build.0 = Release|x86
		{ECC5809D-5D71-47F3-BB12-39E71102652E}.EasyTest|x86.ActiveCfg = Release|x86
		{ECC5809D-5D71-47F3-BB12-39E71102652E}.EasyTest|x86.Build.0 = Release|x86
		{ECC5809D-5D71-47F3-BB12-39E71102652E}.Release|Any CPU.ActiveCfg = Release|x86
		{ECC5809D-5D71-47F3-BB12-39E71102652E}.Release|Mixed Platforms.ActiveCfg = Release|x86
		{ECC5809D-5D71-47F3-BB12-39E71102652E}.Release|Mixed Platforms.Build.0 = Release|x86
		{ECC5809D-5D71-47F3-BB12-39E71102652E}.Release|x86.ActiveCfg = Release|x86
		{ECC5809D-5D71-47F3-BB12-39E71102652E}.Release|x86.Build.0 = Release|x86
		{0B88798B-F4D2-4122-81CB-78C88062FCB8}.Debug|Any CPU.ActiveCfg = Debug|Any CPU
		{0B88798B-F4D2-4122-81CB-78C88062FCB8}.Debug|Any CPU.Build.0 = Debug|Any CPU
		{0B88798B-F4D2-4122-81CB-78C88062FCB8}.Debug|Mixed Platforms.ActiveCfg = Debug|Any CPU
		{0B88798B-F4D2-4122-81CB-78C88062FCB8}.Debug|Mixed Platforms.Build.0 = Debug|Any CPU
		{0B88798B-F4D2-4122-81CB-78C88062FCB8}.Debug|x86.ActiveCfg = Debug|Any CPU
		{0B88798B-F4D2-4122-81CB-78C88062FCB8}.EasyTest|Any CPU.ActiveCfg = Release|Any CPU
		{0B88798B-F4D2-4122-81CB-78C88062FCB8}.EasyTest|Any CPU.Build.0 = Release|Any CPU
		{0B88798B-F4D2-4122-81CB-78C88062FCB8}.EasyTest|Mixed Platforms.ActiveCfg = Release|Any CPU
		{0B88798B-F4D2-4122-81CB-78C88062FCB8}.EasyTest|Mixed Platforms.Build.0 = Release|Any CPU
		{0B88798B-F4D2-4122-81CB-78C88062FCB8}.EasyTest|x86.ActiveCfg = Release|Any CPU
		{0B88798B-F4D2-4122-81CB-78C88062FCB8}.Release|Any CPU.ActiveCfg = Release|Any CPU
		{0B88798B-F4D2-4122-81CB-78C88062FCB8}.Release|Any CPU.Build.0 = Release|Any CPU
		{0B88798B-F4D2-4122-81CB-78C88062FCB8}.Release|Mixed Platforms.ActiveCfg = Release|Any CPU
		{0B88798B-F4D2-4122-81CB-78C88062FCB8}.Release|Mixed Platforms.Build.0 = Release|Any CPU
		{0B88798B-F4D2-4122-81CB-78C88062FCB8}.Release|x86.ActiveCfg = Release|Any CPU
		{368E9133-CB2F-4929-92A4-7F047659B03E}.Debug|Any CPU.ActiveCfg = Debug|Any CPU
		{368E9133-CB2F-4929-92A4-7F047659B03E}.Debug|Any CPU.Build.0 = Debug|Any CPU
		{368E9133-CB2F-4929-92A4-7F047659B03E}.Debug|Mixed Platforms.ActiveCfg = Debug|Any CPU
		{368E9133-CB2F-4929-92A4-7F047659B03E}.Debug|Mixed Platforms.Build.0 = Debug|Any CPU
		{368E9133-CB2F-4929-92A4-7F047659B03E}.Debug|x86.ActiveCfg = Debug|Any CPU
		{368E9133-CB2F-4929-92A4-7F047659B03E}.EasyTest|Any CPU.ActiveCfg = EasyTest|Any CPU
		{368E9133-CB2F-4929-92A4-7F047659B03E}.EasyTest|Any CPU.Build.0 = EasyTest|Any CPU
		{368E9133-CB2F-4929-92A4-7F047659B03E}.EasyTest|Mixed Platforms.ActiveCfg = EasyTest|Any CPU
		{368E9133-CB2F-4929-92A4-7F047659B03E}.EasyTest|Mixed Platforms.Build.0 = EasyTest|Any CPU
		{368E9133-CB2F-4929-92A4-7F047659B03E}.EasyTest|x86.ActiveCfg = EasyTest|Any CPU
		{368E9133-CB2F-4929-92A4-7F047659B03E}.Release|Any CPU.ActiveCfg = Release|Any CPU
		{368E9133-CB2F-4929-92A4-7F047659B03E}.Release|Any CPU.Build.0 = Release|Any CPU
		{368E9133-CB2F-4929-92A4-7F047659B03E}.Release|Mixed Platforms.ActiveCfg = Release|Any CPU
		{368E9133-CB2F-4929-92A4-7F047659B03E}.Release|Mixed Platforms.Build.0 = Release|Any CPU
		{368E9133-CB2F-4929-92A4-7F047659B03E}.Release|x86.ActiveCfg = Release|Any CPU
		{462EF986-C1A4-45A0-8374-4ACC462A6874}.Debug|Any CPU.ActiveCfg = Debug|Any CPU
		{462EF986-C1A4-45A0-8374-4ACC462A6874}.Debug|Any CPU.Build.0 = Debug|Any CPU
		{462EF986-C1A4-45A0-8374-4ACC462A6874}.Debug|Mixed Platforms.ActiveCfg = Debug|Any CPU
		{462EF986-C1A4-45A0-8374-4ACC462A6874}.Debug|Mixed Platforms.Build.0 = Debug|Any CPU
		{462EF986-C1A4-45A0-8374-4ACC462A6874}.Debug|x86.ActiveCfg = Debug|Any CPU
		{462EF986-C1A4-45A0-8374-4ACC462A6874}.EasyTest|Any CPU.ActiveCfg = Release|Any CPU
		{462EF986-C1A4-45A0-8374-4ACC462A6874}.EasyTest|Any CPU.Build.0 = Release|Any CPU
		{462EF986-C1A4-45A0-8374-4ACC462A6874}.EasyTest|Mixed Platforms.ActiveCfg = Release|Any CPU
		{462EF986-C1A4-45A0-8374-4ACC462A6874}.EasyTest|Mixed Platforms.Build.0 = Release|Any CPU
		{462EF986-C1A4-45A0-8374-4ACC462A6874}.EasyTest|x86.ActiveCfg = Release|Any CPU
		{462EF986-C1A4-45A0-8374-4ACC462A6874}.Release|Any CPU.ActiveCfg = Release|Any CPU
		{462EF986-C1A4-45A0-8374-4ACC462A6874}.Release|Any CPU.Build.0 = Release|Any CPU
		{462EF986-C1A4-45A0-8374-4ACC462A6874}.Release|Mixed Platforms.ActiveCfg = Release|Any CPU
		{462EF986-C1A4-45A0-8374-4ACC462A6874}.Release|Mixed Platforms.Build.0 = Release|Any CPU
		{462EF986-C1A4-45A0-8374-4ACC462A6874}.Release|x86.ActiveCfg = Release|Any CPU
		{20194556-A061-4715-8C68-1B157F06F9C0}.Debug|Any CPU.ActiveCfg = Debug|Any CPU
		{20194556-A061-4715-8C68-1B157F06F9C0}.Debug|Any CPU.Build.0 = Debug|Any CPU
		{20194556-A061-4715-8C68-1B157F06F9C0}.Debug|Mixed Platforms.ActiveCfg = Debug|Any CPU
		{20194556-A061-4715-8C68-1B157F06F9C0}.Debug|Mixed Platforms.Build.0 = Debug|Any CPU
		{20194556-A061-4715-8C68-1B157F06F9C0}.Debug|x86.ActiveCfg = Debug|Any CPU
		{20194556-A061-4715-8C68-1B157F06F9C0}.EasyTest|Any CPU.ActiveCfg = Release|Any CPU
		{20194556-A061-4715-8C68-1B157F06F9C0}.EasyTest|Any CPU.Build.0 = Release|Any CPU
		{20194556-A061-4715-8C68-1B157F06F9C0}.EasyTest|Mixed Platforms.ActiveCfg = Release|Any CPU
		{20194556-A061-4715-8C68-1B157F06F9C0}.EasyTest|Mixed Platforms.Build.0 = Release|Any CPU
		{20194556-A061-4715-8C68-1B157F06F9C0}.EasyTest|x86.ActiveCfg = Release|Any CPU
		{20194556-A061-4715-8C68-1B157F06F9C0}.Release|Any CPU.ActiveCfg = Release|Any CPU
		{20194556-A061-4715-8C68-1B157F06F9C0}.Release|Any CPU.Build.0 = Release|Any CPU
		{20194556-A061-4715-8C68-1B157F06F9C0}.Release|Mixed Platforms.ActiveCfg = Release|Any CPU
		{20194556-A061-4715-8C68-1B157F06F9C0}.Release|Mixed Platforms.Build.0 = Release|Any CPU
		{20194556-A061-4715-8C68-1B157F06F9C0}.Release|x86.ActiveCfg = Release|Any CPU
	EndGlobalSection
	GlobalSection(SolutionProperties) = preSolution
		HideSolutionNode = FALSE
	EndGlobalSection
EndGlobal
